
Microsoft Visual Studio Solution File, Format Version 12.00
# Visual Studio Version 16
VisualStudioVersion = 16.0.28803.352
MinimumVisualStudioVersion = 10.0.40219.1
Project("{9A19103F-16F7-4668-BE54-9A1E7A4F7556}") = "TimeHelper-Web", "TimeHelper-Web\TimeHelper-Web.csproj", "{5E1DB72C-D6D7-4817-9864-E2CA4E5281A0}"
EndProject
Project("{9A19103F-16F7-4668-BE54-9A1E7A4F7556}") = "TimeHelper-Api", "TimeHelper-Api\TimeHelper-Api.csproj", "{61926140-8BA5-4FC0-8259-EDB48F41E112}"
EndProject
Project("{9A19103F-16F7-4668-BE54-9A1E7A4F7556}") = "TimeHelper-Shared", "TimeHelper-Shared\TimeHelper-Shared.csproj", "{574FB496-F421-4793-93ED-FB161B6D3E71}"
EndProject
Project("{2150E333-8FDC-42A3-9474-1A3956D46DE8}") = "Solution Items", "Solution Items", "{7D73B430-1808-4DC1-862A-D035EB34CCDB}"
	ProjectSection(SolutionItems) = preProject
		keith2@nikkh.net.dummy.json = keith2@nikkh.net.dummy.json
	EndProjectSection
EndProject
Project("{9A19103F-16F7-4668-BE54-9A1E7A4F7556}") = "TimeHelper-Data", "TimeHelper-Data\TimeHelper-Data.csproj", "{7D201F9A-1032-41A3-B724-C71FFD539727}"
EndProject
Global
	GlobalSection(SolutionConfigurationPlatforms) = preSolution
		Debug|Any CPU = Debug|Any CPU
		Release|Any CPU = Release|Any CPU
	EndGlobalSection
	GlobalSection(ProjectConfigurationPlatforms) = postSolution
		{5E1DB72C-D6D7-4817-9864-E2CA4E5281A0}.Debug|Any CPU.ActiveCfg = Debug|Any CPU
		{5E1DB72C-D6D7-4817-9864-E2CA4E5281A0}.Debug|Any CPU.Build.0 = Debug|Any CPU
		{5E1DB72C-D6D7-4817-9864-E2CA4E5281A0}.Release|Any CPU.ActiveCfg = Release|Any CPU
		{5E1DB72C-D6D7-4817-9864-E2CA4E5281A0}.Release|Any CPU.Build.0 = Release|Any CPU
		{61926140-8BA5-4FC0-8259-EDB48F41E112}.Debug|Any CPU.ActiveCfg = Debug|Any CPU
		{61926140-8BA5-4FC0-8259-EDB48F41E112}.Debug|Any CPU.Build.0 = Debug|Any CPU
		{61926140-8BA5-4FC0-8259-EDB48F41E112}.Release|Any CPU.ActiveCfg = Release|Any CPU
		{61926140-8BA5-4FC0-8259-EDB48F41E112}.Release|Any CPU.Build.0 = Release|Any CPU
		{574FB496-F421-4793-93ED-FB161B6D3E71}.Debug|Any CPU.ActiveCfg = Debug|Any CPU
		{574FB496-F421-4793-93ED-FB161B6D3E71}.Debug|Any CPU.Build.0 = Debug|Any CPU
		{574FB496-F421-4793-93ED-FB161B6D3E71}.Release|Any CPU.ActiveCfg = Release|Any CPU
		{574FB496-F421-4793-93ED-FB161B6D3E71}.Release|Any CPU.Build.0 = Release|Any CPU
		{7D201F9A-1032-41A3-B724-C71FFD539727}.Debug|Any CPU.ActiveCfg = Debug|Any CPU
		{7D201F9A-1032-41A3-B724-C71FFD539727}.Debug|Any CPU.Build.0 = Debug|Any CPU
		{7D201F9A-1032-41A3-B724-C71FFD539727}.Release|Any CPU.ActiveCfg = Release|Any CPU
		{7D201F9A-1032-41A3-B724-C71FFD539727}.Release|Any CPU.Build.0 = Release|Any CPU
	EndGlobalSection
	GlobalSection(SolutionProperties) = preSolution
		HideSolutionNode = FALSE
	EndGlobalSection
	GlobalSection(ExtensibilityGlobals) = postSolution
		SolutionGuid = {C0E11621-7A5F-4207-9629-0155FF96ADC4}
	EndGlobalSection
EndGlobal
